{
  "name": "@utils/bootstrap",
  "version": "1.0.0",
  "lockfileVersion": 1,
  "requires": true,
  "dependencies": {
    "@nestjs/common": {
      "version": "6.0.5",
      "resolved": "http://registry.npm.taobao.org/@nestjs/common/download/@nestjs/common-6.0.5.tgz",
      "integrity": "sha1-LjPO1Q5imlwy3zuaCe/eYdS1ot8=",
      "requires": {
        "axios": "0.18.0",
        "cli-color": "1.4.0",
        "uuid": "3.3.2"
      }
    },
    "@nestjs/core": {
      "version": "6.0.5",
      "resolved": "http://registry.npm.taobao.org/@nestjs/core/download/@nestjs/core-6.0.5.tgz",
      "integrity": "sha1-8XuRx8D87heHkQQCeb4G/8N4X68=",
      "requires": {
        "@nuxtjs/opencollective": "0.2.1",
        "fast-safe-stringify": "2.0.6",
        "iterare": "1.1.2",
        "object-hash": "1.3.1",
        "optional": "0.1.4",
        "uuid": "3.3.2"
      }
    },
    "@nestjs/platform-fastify": {
      "version": "6.0.5",
      "resolved": "http://registry.npm.taobao.org/@nestjs/platform-fastify/download/@nestjs/platform-fastify-6.0.5.tgz",
      "integrity": "sha1-dEIKLZAXGcvwRvA6RqIzwjn75eo=",
      "requires": {
        "fastify": "2.1.0",
        "fastify-cors": "2.1.2",
        "fastify-formbody": "3.1.0",
        "path-to-regexp": "3.0.0"
      }
    },
    "@nestjs/swagger": {
      "version": "3.0.2",
      "resolved": "http://registry.npm.taobao.org/@nestjs/swagger/download/@nestjs/swagger-3.0.2.tgz",
      "integrity": "sha1-sVszVAUHV/ZI5+vGro0VqSkiCAQ=",
      "requires": {
        "lodash": "4.17.11",
        "path-to-regexp": "3.0.0"
      }
    },
    "@nuxtjs/opencollective": {
      "version": "0.2.1",
      "resolved": "http://registry.npm.taobao.org/@nuxtjs/opencollective/download/@nuxtjs/opencollective-0.2.1.tgz",
      "integrity": "sha1-3fPmoimQmXMivCuC4kVaf7/8UY0=",
      "requires": {
        "chalk": "^2.4.1",
        "consola": "^2.3.0",
        "node-fetch": "^2.3.0"
      }
    },
    "@types/swagger-schema-official": {
      "version": "2.0.15",
      "resolved": "http://registry.npm.taobao.org/@types/swagger-schema-official/download/@types/swagger-schema-official-2.0.15.tgz",
      "integrity": "sha1-VZEUHo4+LoGktJw6PSMh0TZ9Trw="
    },
    "abstract-logging": {
      "version": "1.0.0",
      "resolved": "http://registry.npm.taobao.org/abstract-logging/download/abstract-logging-1.0.0.tgz",
      "integrity": "sha1-i33q/TEFWbwo93ck3RuzAXcnjBs="
    },
    "ajv": {
      "version": "6.10.0",
      "resolved": "http://registry.npm.taobao.org/ajv/download/ajv-6.10.0.tgz",
      "integrity": "sha1-kNDVRDnaWHzX6EO/twRfUL0ivfE=",
      "requires": {
        "fast-deep-equal": "^2.0.1",
        "fast-json-stable-stringify": "^2.0.0",
        "json-schema-traverse": "^0.4.1",
        "uri-js": "^4.2.2"
      }
    },
    "ansi-regex": {
      "version": "2.1.1",
      "resolved": "http://registry.npm.taobao.org/ansi-regex/download/ansi-regex-2.1.1.tgz",
      "integrity": "sha1-w7M6te42DYbg5ijwRorn7yfWVN8="
    },
    "ansi-styles": {
      "version": "3.2.1",
      "resolved": "http://registry.npm.taobao.org/ansi-styles/download/ansi-styles-3.2.1.tgz",
      "integrity": "sha1-QfuyAkPlCxK+DwS43tvwdSDOhB0=",
      "requires": {
        "color-convert": "^1.9.0"
      }
    },
    "archy": {
      "version": "1.0.0",
      "resolved": "http://registry.npm.taobao.org/archy/download/archy-1.0.0.tgz",
      "integrity": "sha1-+cjBN1fMHde8N5rHeyxipcKGjEA="
    },
    "argparse": {
      "version": "1.0.10",
      "resolved": "http://registry.npm.taobao.org/argparse/download/argparse-1.0.10.tgz",
      "integrity": "sha1-vNZ5HqWuCXJeF+WtmIE0zUCz2RE=",
      "requires": {
        "sprintf-js": "~1.0.2"
      }
    },
    "avvio": {
      "version": "6.2.1",
      "resolved": "http://registry.npm.taobao.org/avvio/download/avvio-6.2.1.tgz",
      "integrity": "sha1-2aTlzLhBH/d9ykLyStETdDWJN3M=",
      "requires": {
        "archy": "^1.0.0",
        "debug": "^4.0.0",
        "fastq": "^1.6.0"
      }
    },
    "axios": {
      "version": "0.18.0",
      "resolved": "http://registry.npm.taobao.org/axios/download/axios-0.18.0.tgz",
      "integrity": "sha1-MtU+SFHv3AoRmTts0AB4nXDAUQI=",
      "requires": {
        "follow-redirects": "^1.3.0",
        "is-buffer": "^1.1.5"
      }
    },
    "balanced-match": {
      "version": "1.0.0",
      "resolved": "http://registry.npm.taobao.org/balanced-match/download/balanced-match-1.0.0.tgz",
      "integrity": "sha1-ibTRmasr7kneFk6gK4nORi1xt2c="
    },
    "bourne": {
      "version": "1.1.2",
      "resolved": "http://registry.npm.taobao.org/bourne/download/bourne-1.1.2.tgz",
      "integrity": "sha1-4pC1vXFmY1Yy6vjvErAGstSnW4M="
    },
    "brace-expansion": {
      "version": "1.1.11",
      "resolved": "http://registry.npm.taobao.org/brace-expansion/download/brace-expansion-1.1.11.tgz",
      "integrity": "sha1-PH/L9SnYcibz0vUrlm/1Jx60Qd0=",
      "requires": {
        "balanced-match": "^1.0.0",
        "concat-map": "0.0.1"
      }
    },
    "chalk": {
      "version": "2.4.2",
      "resolved": "http://registry.npm.taobao.org/chalk/download/chalk-2.4.2.tgz",
      "integrity": "sha1-zUJUFnelQzPPVBpJEIwUMrRMlCQ=",
      "requires": {
        "ansi-styles": "^3.2.1",
        "escape-string-regexp": "^1.0.5",
        "supports-color": "^5.3.0"
      }
    },
    "cli-color": {
      "version": "1.4.0",
      "resolved": "http://registry.npm.taobao.org/cli-color/download/cli-color-1.4.0.tgz",
      "integrity": "sha1-fRBzj0hSaCT4/n2lGFfLD1cv4B8=",
      "requires": {
        "ansi-regex": "^2.1.1",
        "d": "1",
        "es5-ext": "^0.10.46",
        "es6-iterator": "^2.0.3",
        "memoizee": "^0.4.14",
        "timers-ext": "^0.1.5"
      }
    },
    "color-convert": {
      "version": "1.9.3",
      "resolved": "http://registry.npm.taobao.org/color-convert/download/color-convert-1.9.3.tgz",
      "integrity": "sha1-u3GFBpDh8TZWfeYp0tVHHe2kweg=",
      "requires": {
        "color-name": "1.1.3"
      }
    },
    "color-name": {
      "version": "1.1.3",
      "resolved": "http://registry.npm.taobao.org/color-name/download/color-name-1.1.3.tgz",
      "integrity": "sha1-p9BVi9icQveV3UIyj3QIMcpTvCU="
    },
    "concat-map": {
      "version": "0.0.1",
      "resolved": "http://registry.npm.taobao.org/concat-map/download/concat-map-0.0.1.tgz",
      "integrity": "sha1-2Klr13/Wjfd5OnMDajug1UBdR3s="
    },
    "consola": {
      "version": "2.5.8",
      "resolved": "http://registry.npm.taobao.org/consola/download/consola-2.5.8.tgz",
      "integrity": "sha1-Jq/iq39WDShaiFeOqunZvhgCm6k="
    },
    "d": {
      "version": "1.0.0",
      "resolved": "http://registry.npm.taobao.org/d/download/d-1.0.0.tgz",
      "integrity": "sha1-dUu1v+VUUdpppYuU1F9MWwRi1Y8=",
      "requires": {
        "es5-ext": "^0.10.9"
      }
    },
    "debug": {
      "version": "4.1.1",
      "resolved": "http://registry.npm.taobao.org/debug/download/debug-4.1.1.tgz",
      "integrity": "sha1-O3ImAlUQnGtYnO4FDx1RYTlmR5E=",
      "requires": {
        "ms": "^2.1.1"
      }
    },
    "deepmerge": {
      "version": "3.2.0",
      "resolved": "http://registry.npm.taobao.org/deepmerge/download/deepmerge-3.2.0.tgz",
      "integrity": "sha1-WO9GOlfAjTdlR/iGn9xbzulX9E4="
    },
    "depd": {
      "version": "1.1.2",
      "resolved": "http://registry.npm.taobao.org/depd/download/depd-1.1.2.tgz",
      "integrity": "sha1-m81S4UwJd2PnSbJ0xDRu0uVgtak="
    },
    "destroy": {
      "version": "1.0.4",
      "resolved": "http://registry.npm.taobao.org/destroy/download/destroy-1.0.4.tgz",
      "integrity": "sha1-l4hXRCxEdJ5CBmE+N5RiBYJqvYA="
    },
    "dotenv": {
      "version": "7.0.0",
      "resolved": "http://registry.npm.taobao.org/dotenv/download/dotenv-7.0.0.tgz",
      "integrity": "sha1-or481Sc2ZzIG6KhftSEO6ilijnw="
    },
    "ee-first": {
      "version": "1.1.1",
      "resolved": "http://registry.npm.taobao.org/ee-first/download/ee-first-1.1.1.tgz",
      "integrity": "sha1-WQxhFWsK4vTwJVcyoViyZrxWsh0="
    },
    "encodeurl": {
      "version": "1.0.2",
      "resolved": "http://registry.npm.taobao.org/encodeurl/download/encodeurl-1.0.2.tgz",
      "integrity": "sha1-rT/0yG7C0CkyL1oCw6mmBslbP1k="
    },
    "es5-ext": {
      "version": "0.10.49",
      "resolved": "http://registry.npm.taobao.org/es5-ext/download/es5-ext-0.10.49.tgz",
      "integrity": "sha1-BZojnehiyUSU/sKPgVDJdwKMbF4=",
      "requires": {
        "es6-iterator": "~2.0.3",
        "es6-symbol": "~3.1.1",
        "next-tick": "^1.0.0"
      }
    },
    "es6-iterator": {
      "version": "2.0.3",
      "resolved": "http://registry.npm.taobao.org/es6-iterator/download/es6-iterator-2.0.3.tgz",
      "integrity": "sha1-p96IkUGgWpSwhUQDstCg+/qY87c=",
      "requires": {
        "d": "1",
        "es5-ext": "^0.10.35",
        "es6-symbol": "^3.1.1"
      }
    },
    "es6-symbol": {
      "version": "3.1.1",
      "resolved": "http://registry.npm.taobao.org/es6-symbol/download/es6-symbol-3.1.1.tgz",
      "integrity": "sha1-vwDvT9q2uhtG7Le2KbTH7VcVzHc=",
      "requires": {
        "d": "1",
        "es5-ext": "~0.10.14"
      }
    },
    "es6-weak-map": {
      "version": "2.0.2",
      "resolved": "http://registry.npm.taobao.org/es6-weak-map/download/es6-weak-map-2.0.2.tgz",
      "integrity": "sha1-XjqzIlH/0VOKH45f+hNXdy+S2W8=",
      "requires": {
        "d": "1",
        "es5-ext": "^0.10.14",
        "es6-iterator": "^2.0.1",
        "es6-symbol": "^3.1.1"
      }
    },
    "escape-html": {
      "version": "1.0.3",
      "resolved": "http://registry.npm.taobao.org/escape-html/download/escape-html-1.0.3.tgz",
      "integrity": "sha1-Aljq5NPQwJdN4cFpGI7wBR0dGYg="
    },
    "escape-string-regexp": {
      "version": "1.0.5",
      "resolved": "http://registry.npm.taobao.org/escape-string-regexp/download/escape-string-regexp-1.0.5.tgz",
      "integrity": "sha1-G2HAViGQqN/2rjuyzwIAyhMLhtQ="
    },
    "esprima": {
      "version": "4.0.1",
      "resolved": "http://registry.npm.taobao.org/esprima/download/esprima-4.0.1.tgz",
      "integrity": "sha1-E7BM2z5sXRnfkatph6hpVhmwqnE="
    },
    "etag": {
      "version": "1.8.1",
      "resolved": "http://registry.npm.taobao.org/etag/download/etag-1.8.1.tgz",
      "integrity": "sha1-Qa4u62XvpiJorr/qg6x9eSmbCIc="
    },
    "event-emitter": {
      "version": "0.3.5",
      "resolved": "http://registry.npm.taobao.org/event-emitter/download/event-emitter-0.3.5.tgz",
      "integrity": "sha1-34xp7vFkeSPHFXuc6DhAYQsCzDk=",
      "requires": {
        "d": "1",
        "es5-ext": "~0.10.14"
      }
    },
    "fast-decode-uri-component": {
      "version": "1.0.1",
      "resolved": "http://registry.npm.taobao.org/fast-decode-uri-component/download/fast-decode-uri-component-1.0.1.tgz",
      "integrity": "sha1-Rvi2wisw/3qBNX1PWav66TggJUM="
    },
    "fast-deep-equal": {
      "version": "2.0.1",
      "resolved": "http://registry.npm.taobao.org/fast-deep-equal/download/fast-deep-equal-2.0.1.tgz",
      "integrity": "sha1-ewUhjd+WZ79/Nwv3/bLLFf3Qqkk="
    },
    "fast-json-stable-stringify": {
      "version": "2.0.0",
      "resolved": "http://registry.npm.taobao.org/fast-json-stable-stringify/download/fast-json-stable-stringify-2.0.0.tgz",
      "integrity": "sha1-1RQsDK7msRifh9OnYREGT4bIu/I="
    },
    "fast-json-stringify": {
      "version": "1.13.0",
      "resolved": "http://registry.npm.taobao.org/fast-json-stringify/download/fast-json-stringify-1.13.0.tgz",
      "integrity": "sha1-/Zu8ZaWsCDqPS1NSj+Ife6oP8Pc=",
      "requires": {
        "ajv": "^6.8.1",
        "deepmerge": "^3.0.0"
      }
    },
    "fast-redact": {
      "version": "1.5.0",
      "resolved": "http://registry.npm.taobao.org/fast-redact/download/fast-redact-1.5.0.tgz",
      "integrity": "sha1-MCiS9WZ1DE9e7HuDC/ybxHNIQDQ="
    },
    "fast-safe-stringify": {
      "version": "2.0.6",
      "resolved": "http://registry.npm.taobao.org/fast-safe-stringify/download/fast-safe-stringify-2.0.6.tgz",
      "integrity": "sha1-BLJhBsxWaB9RoETPwNds8ACKwsI="
    },
    "fastify": {
      "version": "2.1.0",
      "resolved": "http://registry.npm.taobao.org/fastify/download/fastify-2.1.0.tgz",
      "integrity": "sha1-LxZZR58K6tE5WU7pwufge9ZimyI=",
      "requires": {
        "abstract-logging": "^1.0.0",
        "ajv": "^6.9.2",
        "avvio": "^6.1.1",
        "bourne": "^1.1.2",
        "fast-json-stringify": "^1.11.2",
        "find-my-way": "^2.0.0",
        "flatstr": "^1.0.9",
        "light-my-request": "^3.2.0",
        "middie": "^4.0.1",
        "pino": "^5.11.1",
        "proxy-addr": "^2.0.4",
        "readable-stream": "^3.1.1",
        "rfdc": "^1.1.2",
        "tiny-lru": "^6.0.1"
      }
    },
    "fastify-cors": {
      "version": "2.1.2",
      "resolved": "http://registry.npm.taobao.org/fastify-cors/download/fastify-cors-2.1.2.tgz",
      "integrity": "sha1-XK/Hm5dKc/YRNvGHG/WSCK8Gt7A=",
      "requires": {
        "fastify-plugin": "^1.5.0",
        "vary": "^1.1.2"
      }
    },
    "fastify-formbody": {
      "version": "3.1.0",
      "resolved": "http://registry.npm.taobao.org/fastify-formbody/download/fastify-formbody-3.1.0.tgz",
      "integrity": "sha1-YEza/bnjr2Bo5tmUCYW69pLW6SI=",
      "requires": {
        "fastify-plugin": "^1.0.0",
        "qs": "^6.5.1"
      }
    },
    "fastify-plugin": {
      "version": "1.5.0",
      "resolved": "http://registry.npm.taobao.org/fastify-plugin/download/fastify-plugin-1.5.0.tgz",
      "integrity": "sha1-S+oSxUES9HScF/Oh8XNWy9+mYa8=",
      "requires": {
        "semver": "^5.5.0"
      }
    },
    "fastify-static": {
      "version": "2.4.0",
      "resolved": "http://registry.npm.taobao.org/fastify-static/download/fastify-static-2.4.0.tgz",
      "integrity": "sha1-fTk3iXqP6qZqkgqRX3KhHnlcM1E=",
      "requires": {
        "fastify-plugin": "^1.5.0",
        "glob": "^7.1.3",
        "readable-stream": "^3.1.1",
        "send": "^0.16.0"
      }
    },
    "fastify-swagger": {
      "version": "2.3.2",
      "resolved": "http://registry.npm.taobao.org/fastify-swagger/download/fastify-swagger-2.3.2.tgz",
      "integrity": "sha1-qT7xk2UyblzuwNkAIQf9Fg3dVB0=",
      "requires": {
        "@types/swagger-schema-official": "^2.0.15",
        "fastify-plugin": "^1.5.0",
        "fastify-static": "^2.3.4",
        "js-yaml": "^3.12.1"
      }
    },
    "fastq": {
      "version": "1.6.0",
      "resolved": "http://registry.npm.taobao.org/fastq/download/fastq-1.6.0.tgz",
      "integrity": "sha1-Tsijj0rCXyFJJnOtt+rpz+9H0cI=",
      "requires": {
        "reusify": "^1.0.0"
      }
    },
    "find-my-way": {
      "version": "2.0.1",
      "resolved": "http://registry.npm.taobao.org/find-my-way/download/find-my-way-2.0.1.tgz",
      "integrity": "sha1-llqnysrCNi1H1dfOIZ9Rv3Yhavc=",
      "requires": {
        "fast-decode-uri-component": "^1.0.0",
        "safe-regex2": "^2.0.0",
        "semver-store": "^0.3.0"
      }
    },
    "flatstr": {
      "version": "1.0.9",
      "resolved": "http://registry.npm.taobao.org/flatstr/download/flatstr-1.0.9.tgz",
      "integrity": "sha1-CVDVb+wC3hAwwTEYR+zVjCVpDrk="
    },
    "follow-redirects": {
      "version": "1.7.0",
      "resolved": "http://registry.npm.taobao.org/follow-redirects/download/follow-redirects-1.7.0.tgz",
      "integrity": "sha1-SJ68GY3A5/ZBZ70jsDxMGbV4THY=",
      "requires": {
        "debug": "^3.2.6"
      },
      "dependencies": {
        "debug": {
          "version": "3.2.6",
          "resolved": "http://registry.npm.taobao.org/debug/download/debug-3.2.6.tgz",
          "integrity": "sha1-6D0X3hbYp++3cX7b5fsQE17uYps=",
          "requires": {
            "ms": "^2.1.1"
          }
        }
      }
    },
    "forwarded": {
      "version": "0.1.2",
      "resolved": "http://registry.npm.taobao.org/forwarded/download/forwarded-0.1.2.tgz",
      "integrity": "sha1-mMI9qxF1ZXuMBXPozszZGw/xjIQ="
    },
    "fresh": {
      "version": "0.5.2",
      "resolved": "http://registry.npm.taobao.org/fresh/download/fresh-0.5.2.tgz",
      "integrity": "sha1-PYyt2Q2XZWn6g1qx+OSyOhBWBac="
    },
    "fs.realpath": {
      "version": "1.0.0",
      "resolved": "http://registry.npm.taobao.org/fs.realpath/download/fs.realpath-1.0.0.tgz",
      "integrity": "sha1-FQStJSMVjKpA20onh8sBQRmU6k8="
    },
    "glob": {
      "version": "7.1.3",
      "resolved": "http://registry.npm.taobao.org/glob/download/glob-7.1.3.tgz",
      "integrity": "sha1-OWCDLT8VdBCDQtr9OmezMsCWnfE=",
      "requires": {
        "fs.realpath": "^1.0.0",
        "inflight": "^1.0.4",
        "inherits": "2",
        "minimatch": "^3.0.4",
        "once": "^1.3.0",
        "path-is-absolute": "^1.0.0"
      }
    },
    "has-flag": {
      "version": "3.0.0",
      "resolved": "http://registry.npm.taobao.org/has-flag/download/has-flag-3.0.0.tgz",
      "integrity": "sha1-tdRU3CGZriJWmfNGfloH87lVuv0="
    },
    "http-errors": {
      "version": "1.6.3",
      "resolved": "http://registry.npm.taobao.org/http-errors/download/http-errors-1.6.3.tgz",
      "integrity": "sha1-i1VoC7S+KDoLW/TqLjhYC+HZMg0=",
      "requires": {
        "depd": "~1.1.2",
        "inherits": "2.0.3",
        "setprototypeof": "1.1.0",
        "statuses": ">= 1.4.0 < 2"
      }
    },
    "inflight": {
      "version": "1.0.6",
      "resolved": "http://registry.npm.taobao.org/inflight/download/inflight-1.0.6.tgz",
      "integrity": "sha1-Sb1jMdfQLQwJvJEKEHW6gWW1bfk=",
      "requires": {
        "once": "^1.3.0",
        "wrappy": "1"
      }
    },
    "inherits": {
      "version": "2.0.3",
      "resolved": "http://registry.npm.taobao.org/inherits/download/inherits-2.0.3.tgz",
      "integrity": "sha1-Yzwsg+PaQqUC9SRmAiSA9CCCYd4="
    },
    "ipaddr.js": {
      "version": "1.8.0",
      "resolved": "http://registry.npm.taobao.org/ipaddr.js/download/ipaddr.js-1.8.0.tgz",
      "integrity": "sha1-6qM9bd16zo9/b+DJygRA5wZzix4="
    },
    "is-buffer": {
      "version": "1.1.6",
      "resolved": "http://registry.npm.taobao.org/is-buffer/download/is-buffer-1.1.6.tgz",
      "integrity": "sha1-76ouqdqg16suoTqXsritUf776L4="
    },
    "is-promise": {
      "version": "2.1.0",
      "resolved": "http://registry.npm.taobao.org/is-promise/download/is-promise-2.1.0.tgz",
      "integrity": "sha1-eaKp7OfwlugPNtKy87wWwf9L8/o="
    },
    "iterare": {
      "version": "1.1.2",
      "resolved": "http://registry.npm.taobao.org/iterare/download/iterare-1.1.2.tgz",
      "integrity": "sha1-MuZf4Dxy9yexrl/QAu1qIV9SOug="
    },
    "js-yaml": {
      "version": "3.13.0",
      "resolved": "http://registry.npm.taobao.org/js-yaml/download/js-yaml-3.13.0.tgz",
      "integrity": "sha1-OO5xeKwO6iyX/22W//SxjH2M+Y4=",
      "requires": {
        "argparse": "^1.0.7",
        "esprima": "^4.0.0"
      }
    },
    "json-schema-traverse": {
      "version": "0.4.1",
      "resolved": "http://registry.npm.taobao.org/json-schema-traverse/download/json-schema-traverse-0.4.1.tgz",
      "integrity": "sha1-afaofZUTq4u4/mO9sJecRI5oRmA="
    },
    "light-my-request": {
      "version": "3.2.0",
      "resolved": "http://registry.npm.taobao.org/light-my-request/download/light-my-request-3.2.0.tgz",
      "integrity": "sha1-Ls9FAIt6cRKkruBULwppt6X6NcA=",
      "requires": {
        "ajv": "^6.8.1",
        "readable-stream": "^3.1.1"
      }
    },
    "lodash": {
      "version": "4.17.11",
      "resolved": "http://registry.npm.taobao.org/lodash/download/lodash-4.17.11.tgz",
      "integrity": "sha1-s56mIp72B+zYniyN8SU2iRysm40="
    },
    "lru-queue": {
      "version": "0.1.0",
      "resolved": "http://registry.npm.taobao.org/lru-queue/download/lru-queue-0.1.0.tgz",
      "integrity": "sha1-Jzi9nw089PhEkMVzbEhpmsYyzaM=",
      "requires": {
        "es5-ext": "~0.10.2"
      }
    },
    "memoizee": {
      "version": "0.4.14",
      "resolved": "http://registry.npm.taobao.org/memoizee/download/memoizee-0.4.14.tgz",
      "integrity": "sha1-B6APIEaZ+alcLZ53IYJxx81hDVc=",
      "requires": {
        "d": "1",
        "es5-ext": "^0.10.45",
        "es6-weak-map": "^2.0.2",
        "event-emitter": "^0.3.5",
        "is-promise": "^2.1",
        "lru-queue": "0.1",
        "next-tick": "1",
        "timers-ext": "^0.1.5"
      }
    },
    "middie": {
      "version": "4.0.1",
      "resolved": "http://registry.npm.taobao.org/middie/download/middie-4.0.1.tgz",
      "integrity": "sha1-JLQzMDSSbr14Me1Ydm0FDBzmMAo=",
      "requires": {
        "path-to-regexp": "^3.0.0",
        "reusify": "^1.0.2"
      }
    },
    "mime": {
      "version": "1.4.1",
      "resolved": "http://registry.npm.taobao.org/mime/download/mime-1.4.1.tgz",
      "integrity": "sha1-Eh+evEnjdm8xGnbh+hyAA8SwOqY="
    },
    "minimatch": {
      "version": "3.0.4",
      "resolved": "http://registry.npm.taobao.org/minimatch/download/minimatch-3.0.4.tgz",
      "integrity": "sha1-UWbihkV/AzBgZL5Ul+jbsMPTIIM=",
      "requires": {
        "brace-expansion": "^1.1.7"
      }
    },
    "ms": {
      "version": "2.1.1",
      "resolved": "http://registry.npm.taobao.org/ms/download/ms-2.1.1.tgz",
      "integrity": "sha1-MKWGTrPrsKZvLr5tcnrwagnYbgo="
    },
    "next-tick": {
      "version": "1.0.0",
      "resolved": "http://registry.npm.taobao.org/next-tick/download/next-tick-1.0.0.tgz",
      "integrity": "sha1-yobR/ogoFpsBICCOPchCS524NCw="
    },
    "node-fetch": {
      "version": "2.3.0",
      "resolved": "http://registry.npm.taobao.org/node-fetch/download/node-fetch-2.3.0.tgz",
      "integrity": "sha1-Gh2UC7+5FqHT4CGfA36J5x+MX6U="
    },
    "object-hash": {
      "version": "1.3.1",
      "resolved": "http://registry.npm.taobao.org/object-hash/download/object-hash-1.3.1.tgz",
      "integrity": "sha1-/eRSCYqVHLFF8Dm7fUVUSd3BJt8="
    },
    "on-finished": {
      "version": "2.3.0",
      "resolved": "http://registry.npm.taobao.org/on-finished/download/on-finished-2.3.0.tgz",
      "integrity": "sha1-IPEzZIGwg811M3mSoWlxqi2QaUc=",
      "requires": {
        "ee-first": "1.1.1"
      }
    },
    "once": {
      "version": "1.4.0",
      "resolved": "http://registry.npm.taobao.org/once/download/once-1.4.0.tgz",
      "integrity": "sha1-WDsap3WWHUsROsF9nFC6753Xa9E=",
      "requires": {
        "wrappy": "1"
      }
    },
    "optional": {
      "version": "0.1.4",
      "resolved": "http://registry.npm.taobao.org/optional/download/optional-0.1.4.tgz",
      "integrity": "sha1-zbGpvtxzfSAl9pDO61DgSURP1bM="
    },
    "path-is-absolute": {
      "version": "1.0.1",
      "resolved": "http://registry.npm.taobao.org/path-is-absolute/download/path-is-absolute-1.0.1.tgz",
      "integrity": "sha1-F0uSaHNVNP+8es5r9TpanhtcX18="
    },
    "path-to-regexp": {
      "version": "3.0.0",
      "resolved": "http://registry.npm.taobao.org/path-to-regexp/download/path-to-regexp-3.0.0.tgz",
      "integrity": "sha1-yYGiGPPfVD+ihpa+L4jgxY0uASo="
    },
    "pino": {
      "version": "5.12.0",
      "resolved": "http://registry.npm.taobao.org/pino/download/pino-5.12.0.tgz",
      "integrity": "sha1-FjDAUACkzZpuDs9D9b6g7fshPWk=",
      "requires": {
        "fast-redact": "^1.4.4",
        "fast-safe-stringify": "^2.0.6",
        "flatstr": "^1.0.9",
        "pino-std-serializers": "^2.3.0",
        "quick-format-unescaped": "^3.0.2",
        "sonic-boom": "^0.7.3"
      }
    },
    "pino-std-serializers": {
      "version": "2.3.0",
      "resolved": "http://registry.npm.taobao.org/pino-std-serializers/download/pino-std-serializers-2.3.0.tgz",
      "integrity": "sha1-NO6quXwFXCjiLAVCrlWXjn5Cd4Y="
    },
    "proxy-addr": {
      "version": "2.0.4",
      "resolved": "http://registry.npm.taobao.org/proxy-addr/download/proxy-addr-2.0.4.tgz",
      "integrity": "sha1-7PxzO/Iv+Mb0B/onUye5q2fki5M=",
      "requires": {
        "forwarded": "~0.1.2",
        "ipaddr.js": "1.8.0"
      }
    },
    "punycode": {
      "version": "2.1.1",
      "resolved": "http://registry.npm.taobao.org/punycode/download/punycode-2.1.1.tgz",
      "integrity": "sha1-tYsBCsQMIsVldhbI0sLALHv0eew="
    },
    "qs": {
      "version": "6.7.0",
      "resolved": "http://registry.npm.taobao.org/qs/download/qs-6.7.0.tgz",
      "integrity": "sha1-QdwaAV49WB8WIXdr4xr7KHapsbw="
    },
    "quick-format-unescaped": {
      "version": "3.0.2",
      "resolved": "http://registry.npm.taobao.org/quick-format-unescaped/download/quick-format-unescaped-3.0.2.tgz",
      "integrity": "sha1-ATfpTY+zf/63AEBTURHDeOdTlvs="
    },
    "range-parser": {
      "version": "1.2.0",
      "resolved": "http://registry.npm.taobao.org/range-parser/download/range-parser-1.2.0.tgz",
      "integrity": "sha1-9JvmtIeJTdxA3MlKMi9hEJLgDV4="
    },
    "readable-stream": {
      "version": "3.3.0",
      "resolved": "http://registry.npm.taobao.org/readable-stream/download/readable-stream-3.3.0.tgz",
      "integrity": "sha1-y4ARqtAC63F78EApH+uoVpyYb7k=",
      "requires": {
        "inherits": "^2.0.3",
        "string_decoder": "^1.1.1",
        "util-deprecate": "^1.0.1"
      }
    },
    "reflect-metadata": {
      "version": "0.1.13",
      "resolved": "http://registry.npm.taobao.org/reflect-metadata/download/reflect-metadata-0.1.13.tgz",
      "integrity": "sha1-Z648pXyXKiqhZCsQ/jY/4y1J3Ag="
    },
    "ret": {
      "version": "0.2.2",
      "resolved": "http://registry.npm.taobao.org/ret/download/ret-0.2.2.tgz",
      "integrity": "sha1-toYXgqH0di3OQ0Aqcet6KD9EVzw="
    },
    "reusify": {
      "version": "1.0.4",
      "resolved": "http://registry.npm.taobao.org/reusify/download/reusify-1.0.4.tgz",
      "integrity": "sha1-kNo4Kx4SbvwCFG6QhFqI2xKSXXY="
    },
    "rfdc": {
      "version": "1.1.2",
      "resolved": "http://registry.npm.taobao.org/rfdc/download/rfdc-1.1.2.tgz",
      "integrity": "sha1-5uctdPXcOd6PU49l4Aw2wYAY40k="
    },
    "rxjs": {
      "version": "6.4.0",
      "resolved": "http://registry.npm.taobao.org/rxjs/download/rxjs-6.4.0.tgz",
      "integrity": "sha1-87sP572n+2nerAwW8XtQsLh5BQQ=",
      "requires": {
        "tslib": "^1.9.0"
      }
    },
    "safe-buffer": {
      "version": "5.1.2",
      "resolved": "http://registry.npm.taobao.org/safe-buffer/download/safe-buffer-5.1.2.tgz",
      "integrity": "sha1-mR7GnSluAxN0fVm9/St0XDX4go0="
    },
    "safe-regex2": {
      "version": "2.0.0",
      "resolved": "http://registry.npm.taobao.org/safe-regex2/download/safe-regex2-2.0.0.tgz",
      "integrity": "sha1-sodSTDl8eimURwNn4BheGRax9bk=",
      "requires": {
        "ret": "~0.2.0"
      }
    },
    "semver": {
      "version": "5.7.0",
      "resolved": "http://registry.npm.taobao.org/semver/download/semver-5.7.0.tgz",
      "integrity": "sha1-eQp89v6lRZuslhELKbYEEtyP+Ws="
    },
    "semver-store": {
      "version": "0.3.0",
      "resolved": "http://registry.npm.taobao.org/semver-store/download/semver-store-0.3.0.tgz",
      "integrity": "sha1-zmAv8H3zcIDsn0+0CylXZUe+++k="
    },
    "send": {
      "version": "0.16.2",
      "resolved": "http://registry.npm.taobao.org/send/download/send-0.16.2.tgz",
      "integrity": "sha1-bsyh4PjBVtFBWXVZhI32RzCmu8E=",
      "requires": {
        "debug": "2.6.9",
        "depd": "~1.1.2",
        "destroy": "~1.0.4",
        "encodeurl": "~1.0.2",
        "escape-html": "~1.0.3",
        "etag": "~1.8.1",
        "fresh": "0.5.2",
        "http-errors": "~1.6.2",
        "mime": "1.4.1",
        "ms": "2.0.0",
        "on-finished": "~2.3.0",
        "range-parser": "~1.2.0",
        "statuses": "~1.4.0"
      },
      "dependencies": {
        "debug": {
          "version": "2.6.9",
          "resolved": "http://registry.npm.taobao.org/debug/download/debug-2.6.9.tgz",
          "integrity": "sha1-XRKFFd8TT/Mn6QpMk/Tgd6U2NB8=",
          "requires": {
            "ms": "2.0.0"
          }
        },
        "ms": {
          "version": "2.0.0",
          "resolved": "http://registry.npm.taobao.org/ms/download/ms-2.0.0.tgz",
          "integrity": "sha1-VgiurfwAvmwpAd9fmGF4jeDVl8g="
        }
      }
    },
    "setprototypeof": {
      "version": "1.1.0",
      "resolved": "http://registry.npm.taobao.org/setprototypeof/download/setprototypeof-1.1.0.tgz",
      "integrity": "sha1-0L2FU2iHtv58DYGMuWLZ2RxU5lY="
    },
    "sonic-boom": {
      "version": "0.7.3",
      "resolved": "http://registry.npm.taobao.org/sonic-boom/download/sonic-boom-0.7.3.tgz",
      "integrity": "sha1-y/wY6HwrgHiwDjitlHXAX85eppY=",
      "requires": {
        "flatstr": "^1.0.9"
      }
    },
    "sprintf-js": {
      "version": "1.0.3",
      "resolved": "http://registry.npm.taobao.org/sprintf-js/download/sprintf-js-1.0.3.tgz",
      "integrity": "sha1-BOaSb2YolTVPPdAVIDYzuFcpfiw="
    },
    "statuses": {
      "version": "1.4.0",
      "resolved": "http://registry.npm.taobao.org/statuses/download/statuses-1.4.0.tgz",
      "integrity": "sha1-u3PURtonlhBu/MG2AaJT1sRr0Ic="
    },
    "string_decoder": {
      "version": "1.2.0",
      "resolved": "http://registry.npm.taobao.org/string_decoder/download/string_decoder-1.2.0.tgz",
      "integrity": "sha1-/obnOLGVRK/nBGkkOyoe6SQOro0=",
      "requires": {
        "safe-buffer": "~5.1.0"
      }
    },
    "supports-color": {
      "version": "5.5.0",
      "resolved": "http://registry.npm.taobao.org/supports-color/download/supports-color-5.5.0.tgz",
      "integrity": "sha1-4uaaRKyHcveKHsCzW2id9lMO/I8=",
      "requires": {
        "has-flag": "^3.0.0"
      }
    },
    "timers-ext": {
      "version": "0.1.7",
      "resolved": "http://registry.npm.taobao.org/timers-ext/download/timers-ext-0.1.7.tgz",
      "integrity": "sha1-b1ethXjgej+5+R2Th9ZWR1VeJcY=",
      "requires": {
        "es5-ext": "~0.10.46",
        "next-tick": "1"
      }
    },
    "tiny-lru": {
      "version": "6.0.1",
      "resolved": "http://registry.npm.taobao.org/tiny-lru/download/tiny-lru-6.0.1.tgz",
      "integrity": "sha1-VYvWtyMri536SCFHU5Z2/ddaOgc="
    },
    "tslib": {
      "version": "1.9.3",
      "resolved": "http://registry.npm.taobao.org/tslib/download/tslib-1.9.3.tgz",
      "integrity": "sha1-1+TdeSRdhUKMTX5IIqeZF5VMooY="
    },
    "uri-js": {
      "version": "4.2.2",
      "resolved": "http://registry.npm.taobao.org/uri-js/download/uri-js-4.2.2.tgz",
      "integrity": "sha1-lMVA4f93KVbiKZUHwBCupsiDjrA=",
      "requires": {
        "punycode": "^2.1.0"
      }
    },
    "util-deprecate": {
      "version": "1.0.2",
      "resolved": "http://registry.npm.taobao.org/util-deprecate/download/util-deprecate-1.0.2.tgz",
      "integrity": "sha1-RQ1Nyfpw3nMnYvvS1KKJgUGaDM8="
    },
    "uuid": {
      "version": "3.3.2",
      "resolved": "http://registry.npm.taobao.org/uuid/download/uuid-3.3.2.tgz",
      "integrity": "sha1-G0r0lV6zB3xQHCOHL8ZROBFYcTE="
    },
    "vary": {
      "version": "1.1.2",
      "resolved": "http://registry.npm.taobao.org/vary/download/vary-1.1.2.tgz",
      "integrity": "sha1-IpnwLG3tMNSllhsLn3RSShj2NPw="
    },
    "wrappy": {
      "version": "1.0.2",
      "resolved": "http://registry.npm.taobao.org/wrappy/download/wrappy-1.0.2.tgz",
      "integrity": "sha1-tSQ9jz7BqjXxNkYFvA0QNuMKtp8="
    }
  }
}
