{
  "name": "@utils/logger",
  "version": "1.0.0",
  "lockfileVersion": 1,
  "requires": true,
  "dependencies": {
    "async": {
      "version": "2.6.2",
      "resolved": "http://registry.npm.taobao.org/async/download/async-2.6.2.tgz",
      "integrity": "sha1-GDMOp+bjE4h/XS8qkEusb+TdU4E=",
      "requires": {
        "lodash": "^4.17.11"
      }
    },
    "date-format": {
      "version": "2.0.0",
      "resolved": "http://registry.npm.taobao.org/date-format/download/date-format-2.0.0.tgz",
      "integrity": "sha1-fPexcvHsVk8AA7OeowLFSY+5jI8="
    },
    "debug": {
      "version": "4.1.1",
      "resolved": "http://registry.npm.taobao.org/debug/download/debug-4.1.1.tgz",
      "integrity": "sha1-O3ImAlUQnGtYnO4FDx1RYTlmR5E=",
      "requires": {
        "ms": "^2.1.1"
      }
    },
    "flatted": {
      "version": "2.0.0",
      "resolved": "http://registry.npm.taobao.org/flatted/download/flatted-2.0.0.tgz",
      "integrity": "sha1-VRIrZTbqSWtLRIk+4mCBQdENmRY="
    },
    "fs-extra": {
      "version": "7.0.1",
      "resolved": "http://registry.npm.taobao.org/fs-extra/download/fs-extra-7.0.1.tgz",
      "integrity": "sha1-TxicRKoSO4lfcigE9V6iPq3DSOk=",
      "requires": {
        "graceful-fs": "^4.1.2",
        "jsonfile": "^4.0.0",
        "universalify": "^0.1.0"
      }
    },
    "graceful-fs": {
      "version": "4.1.15",
      "resolved": "http://registry.npm.taobao.org/graceful-fs/download/graceful-fs-4.1.15.tgz",
      "integrity": "sha1-/7cD4QZuig7qpMi4C6klPu77+wA="
    },
    "jsonfile": {
      "version": "4.0.0",
      "resolved": "http://registry.npm.taobao.org/jsonfile/download/jsonfile-4.0.0.tgz",
      "integrity": "sha1-h3Gq4HmbZAdrdmQPygWPnBDjPss=",
      "requires": {
        "graceful-fs": "^4.1.6"
      }
    },
    "lodash": {
      "version": "4.17.11",
      "resolved": "http://registry.npm.taobao.org/lodash/download/lodash-4.17.11.tgz",
      "integrity": "sha1-s56mIp72B+zYniyN8SU2iRysm40="
    },
    "log4js": {
      "version": "4.1.0",
      "resolved": "http://registry.npm.taobao.org/log4js/download/log4js-4.1.0.tgz",
      "integrity": "sha1-V5g8akQ1RqjIYH6csEXSoRfCdkQ=",
      "requires": {
        "date-format": "^2.0.0",
        "debug": "^4.1.1",
        "flatted": "^2.0.0",
        "rfdc": "^1.1.2",
        "streamroller": "^1.0.4"
      }
    },
    "ms": {
      "version": "2.1.1",
      "resolved": "http://registry.npm.taobao.org/ms/download/ms-2.1.1.tgz",
      "integrity": "sha1-MKWGTrPrsKZvLr5tcnrwagnYbgo="
    },
    "rfdc": {
      "version": "1.1.2",
      "resolved": "http://registry.npm.taobao.org/rfdc/download/rfdc-1.1.2.tgz",
      "integrity": "sha1-5uctdPXcOd6PU49l4Aw2wYAY40k="
    },
    "streamroller": {
      "version": "1.0.4",
      "resolved": "http://registry.npm.taobao.org/streamroller/download/streamroller-1.0.4.tgz",
      "integrity": "sha1-1IXHYkeW1eLrNBkMea/L8AavteY=",
      "requires": {
        "async": "^2.6.1",
        "date-format": "^2.0.0",
        "debug": "^3.1.0",
        "fs-extra": "^7.0.0",
        "lodash": "^4.17.10"
      },
      "dependencies": {
        "debug": {
          "version": "3.2.6",
          "resolved": "http://registry.npm.taobao.org/debug/download/debug-3.2.6.tgz",
          "integrity": "sha1-6D0X3hbYp++3cX7b5fsQE17uYps=",
          "requires": {
            "ms": "^2.1.1"
          }
        }
      }
    },
    "universalify": {
      "version": "0.1.2",
      "resolved": "http://registry.npm.taobao.org/universalify/download/universalify-0.1.2.tgz",
      "integrity": "sha1-tkb2m+OULavOzJ1mOcgNwQXvqmY="
    }
  }
}
