# THIS IS AN AUTOGENERATED FILE. DO NOT EDIT THIS FILE DIRECTLY.
# yarn lockfile v1


"@types/log4js@^2.3.5":
  version "2.3.5"
  resolved "https://registry.npm.taobao.org/@types/log4js/download/@types/log4js-2.3.5.tgz#4d1e56da53d3c1820c08e9cd5092e68c3e1e822f"
  integrity sha1-TR5W2lPTwYIMCOnNUJLmjD4egi8=
  dependencies:
    log4js "*"

async@^2.6.2:
  version "2.6.2"
  resolved "https://registry.npm.taobao.org/async/download/async-2.6.2.tgz#18330ea7e6e313887f5d2f2a904bac6fe4dd5381"
  integrity sha1-GDMOp+bjE4h/XS8qkEusb+TdU4E=
  dependencies:
    lodash "^4.17.11"

date-format@^2.0.0:
  version "2.0.0"
  resolved "https://registry.npm.taobao.org/date-format/download/date-format-2.0.0.tgz#7cf7b172f1ec564f0003b39ea302c5498fb98c8f"
  integrity sha1-fPexcvHsVk8AA7OeowLFSY+5jI8=

debug@^3.2.6:
  version "3.2.6"
  resolved "https://registry.npm.taobao.org/debug/download/debug-3.2.6.tgz#e83d17de16d8a7efb7717edbe5fb10135eee629b"
  integrity sha1-6D0X3hbYp++3cX7b5fsQE17uYps=
  dependencies:
    ms "^2.1.1"

debug@^4.1.1:
  version "4.1.1"
  resolved "https://registry.npm.taobao.org/debug/download/debug-4.1.1.tgz#3b72260255109c6b589cee050f1d516139664791"
  integrity sha1-O3ImAlUQnGtYnO4FDx1RYTlmR5E=
  dependencies:
    ms "^2.1.1"

flatted@^2.0.0:
  version "2.0.0"
  resolved "https://registry.npm.taobao.org/flatted/download/flatted-2.0.0.tgz#55122b6536ea496b4b44893ee2608141d10d9916"
  integrity sha1-VRIrZTbqSWtLRIk+4mCBQdENmRY=

fs-extra@^7.0.1:
  version "7.0.1"
  resolved "https://registry.npm.taobao.org/fs-extra/download/fs-extra-7.0.1.tgz#4f189c44aa123b895f722804f55ea23eadc348e9"
  integrity sha1-TxicRKoSO4lfcigE9V6iPq3DSOk=
  dependencies:
    graceful-fs "^4.1.2"
    jsonfile "^4.0.0"
    universalify "^0.1.0"

graceful-fs@^4.1.2, graceful-fs@^4.1.6:
  version "4.1.15"
  resolved "https://registry.npm.taobao.org/graceful-fs/download/graceful-fs-4.1.15.tgz#ffb703e1066e8a0eeaa4c8b80ba9253eeefbfb00"
  integrity sha1-/7cD4QZuig7qpMi4C6klPu77+wA=

jsonfile@^4.0.0:
  version "4.0.0"
  resolved "https://registry.npm.taobao.org/jsonfile/download/jsonfile-4.0.0.tgz#8771aae0799b64076b76640fca058f9c10e33ecb"
  integrity sha1-h3Gq4HmbZAdrdmQPygWPnBDjPss=
  optionalDependencies:
    graceful-fs "^4.1.6"

lodash@^4.17.11:
  version "4.17.11"
  resolved "https://registry.npm.taobao.org/lodash/download/lodash-4.17.11.tgz#b39ea6229ef607ecd89e2c8df12536891cac9b8d"
  integrity sha1-s56mIp72B+zYniyN8SU2iRysm40=

log4js@*:
  version "4.2.0"
  resolved "https://registry.npm.taobao.org/log4js/download/log4js-4.2.0.tgz#659a91d9522053b1e1d0ba89adf81c2005b8a993"
  integrity sha1-ZZqR2VIgU7Hh0LqJrfgcIAW4qZM=
  dependencies:
    date-format "^2.0.0"
    debug "^4.1.1"
    flatted "^2.0.0"
    rfdc "^1.1.2"
    streamroller "^1.0.5"

log4js@^4.3.1:
  version "4.3.1"
  resolved "https://registry.npm.taobao.org/log4js/download/log4js-4.3.1.tgz#026cb6fb3cd5b9c4682a96478c356c97b497686e"
  integrity sha1-Amy2+zzVucRoKpZHjDVsl7SXaG4=
  dependencies:
    date-format "^2.0.0"
    debug "^4.1.1"
    flatted "^2.0.0"
    rfdc "^1.1.2"
    streamroller "^1.0.5"

ms@^2.1.1:
  version "2.1.1"
  resolved "https://registry.npm.taobao.org/ms/download/ms-2.1.1.tgz#30a5864eb3ebb0a66f2ebe6d727af06a09d86e0a"
  integrity sha1-MKWGTrPrsKZvLr5tcnrwagnYbgo=

rfdc@^1.1.2:
  version "1.1.4"
  resolved "https://registry.npm.taobao.org/rfdc/download/rfdc-1.1.4.tgz#ba72cc1367a0ccd9cf81a870b3b58bd3ad07f8c2"
  integrity sha1-unLME2egzNnPgahws7WL060H+MI=

streamroller@^1.0.5:
  version "1.0.5"
  resolved "https://registry.npm.taobao.org/streamroller/download/streamroller-1.0.5.tgz#71660c20b06b1a7b204d46085731ad13c10a562d"
  integrity sha1-cWYMILBrGnsgTUYIVzGtE8EKVi0=
  dependencies:
    async "^2.6.2"
    date-format "^2.0.0"
    debug "^3.2.6"
    fs-extra "^7.0.1"
    lodash "^4.17.11"

universalify@^0.1.0:
  version "0.1.2"
  resolved "https://registry.npm.taobao.org/universalify/download/universalify-0.1.2.tgz#b646f69be3942dabcecc9d6639c80dc105efaa66"
  integrity sha1-tkb2m+OULavOzJ1mOcgNwQXvqmY=
